
Microsoft Visual Studio Solution File, Format Version 12.00
# Visual Studio 15
VisualStudioVersion = 15.0.28307.489
MinimumVisualStudioVersion = 10.0.40219.1
Project("{FAE04EC0-301F-11D3-BF4B-00C04F79EFBC}") = "EasyConfigurationSection.Tests", "EasyConfigurationSection.Tests\EasyConfigurationSection.Tests.csproj", "{A76DFBB3-E2E7-4386-B265-A706A3444F58}"
EndProject
Project("{FAE04EC0-301F-11D3-BF4B-00C04F79EFBC}") = "EasyConfigurationSection", "EasyConfigurationSection\EasyConfigurationSection.csproj", "{452D61A2-BC5D-4816-A070-EF8867947C74}"
EndProject
Project("{FAE04EC0-301F-11D3-BF4B-00C04F79EFBC}") = "EasyConfigurationSection.NoConfig.Tests", "EasyConfigurationSection.NoConfig.Tests\EasyConfigurationSection.NoConfig.Tests.csproj", "{406BD752-C6EF-4091-9256-6D65339BC6C7}"
EndProject
Global
	GlobalSection(SolutionConfigurationPlatforms) = preSolution
		Debug|Any CPU = Debug|Any CPU
		Release|Any CPU = Release|Any CPU
	EndGlobalSection
	GlobalSection(ProjectConfigurationPlatforms) = postSolution
		{A76DFBB3-E2E7-4386-B265-A706A3444F58}.Debug|Any CPU.ActiveCfg = Debug|Any CPU
		{A76DFBB3-E2E7-4386-B265-A706A3444F58}.Debug|Any CPU.Build.0 = Debug|Any CPU
		{A76DFBB3-E2E7-4386-B265-A706A3444F58}.Release|Any CPU.ActiveCfg = Release|Any CPU
		{A76DFBB3-E2E7-4386-B265-A706A3444F58}.Release|Any CPU.Build.0 = Release|Any CPU
		{452D61A2-BC5D-4816-A070-EF8867947C74}.Debug|Any CPU.ActiveCfg = Debug|Any CPU
		{452D61A2-BC5D-4816-A070-EF8867947C74}.Debug|Any CPU.Build.0 = Debug|Any CPU
		{452D61A2-BC5D-4816-A070-EF8867947C74}.Release|Any CPU.ActiveCfg = Release|Any CPU
		{452D61A2-BC5D-4816-A070-EF8867947C74}.Release|Any CPU.Build.0 = Release|Any CPU
		{406BD752-C6EF-4091-9256-6D65339BC6C7}.Debug|Any CPU.ActiveCfg = Debug|Any CPU
		{406BD752-C6EF-4091-9256-6D65339BC6C7}.Debug|Any CPU.Build.0 = Debug|Any CPU
		{406BD752-C6EF-4091-9256-6D65339BC6C7}.Release|Any CPU.ActiveCfg = Release|Any CPU
		{406BD752-C6EF-4091-9256-6D65339BC6C7}.Release|Any CPU.Build.0 = Release|Any CPU
	EndGlobalSection
	GlobalSection(SolutionProperties) = preSolution
		HideSolutionNode = FALSE
	EndGlobalSection
	GlobalSection(ExtensibilityGlobals) = postSolution
		SolutionGuid = {18E8E7F7-3550-4111-9A31-C2AB71D34DE8}
	EndGlobalSection
EndGlobal
